
Microsoft Visual Studio Solution File, Format Version 12.00
# Visual Studio Version 17
VisualStudioVersion = 17.5.002.0
MinimumVisualStudioVersion = 10.0.40219.1
Project("{9A19103F-16F7-4668-BE54-9A1E7A4F7556}") = "TimPhanTuLonNhatTrongMangHaiChieu", "TimPhanTuLonNhatTrongMangHaiChieu.csproj", "{4D795B92-4804-4D44-B955-09D024592BBF}"
EndProject
Global
	GlobalSection(SolutionConfigurationPlatforms) = preSolution
		Debug|Any CPU = Debug|Any CPU
		Release|Any CPU = Release|Any CPU
	EndGlobalSection
	GlobalSection(ProjectConfigurationPlatforms) = postSolution
		{4D795B92-4804-4D44-B955-09D024592BBF}.Debug|Any CPU.ActiveCfg = Debug|Any CPU
		{4D795B92-4804-4D44-B955-09D024592BBF}.Debug|Any CPU.Build.0 = Debug|Any CPU
		{4D795B92-4804-4D44-B955-09D024592BBF}.Release|Any CPU.ActiveCfg = Release|Any CPU
		{4D795B92-4804-4D44-B955-09D024592BBF}.Release|Any CPU.Build.0 = Release|Any CPU
	EndGlobalSection
	GlobalSection(SolutionProperties) = preSolution
		HideSolutionNode = FALSE
	EndGlobalSection
	GlobalSection(ExtensibilityGlobals) = postSolution
		SolutionGuid = {F2F88E36-619F-4F46-828C-539D162688C9}
	EndGlobalSection
EndGlobal
